
Microsoft Visual Studio Solution File, Format Version 12.00
# Visual Studio Version 17
VisualStudioVersion = 17.13.35825.156
MinimumVisualStudioVersion = 10.0.40219.1
Project("{2150E333-8FDC-42A3-9474-1A3956D46DE8}") = "src", "src", "{02EA681E-C7D8-13C7-8484-4AC65E1B71E8}"
EndProject
Project("{FAE04EC0-301F-11D3-BF4B-00C04F79EFBC}") = "Nur.Store2025.Integration", "src\Nur.Store2025.Integration\Nur.Store2025.Integration.csproj", "{37E7F4D1-CEA1-485C-BCA9-BC562A822091}"
EndProject
Global
	GlobalSection(SolutionConfigurationPlatforms) = preSolution
		Debug|Any CPU = Debug|Any CPU
		Release|Any CPU = Release|Any CPU
	EndGlobalSection
	GlobalSection(ProjectConfigurationPlatforms) = postSolution
		{37E7F4D1-CEA1-485C-BCA9-BC562A822091}.Debug|Any CPU.ActiveCfg = Debug|Any CPU
		{37E7F4D1-CEA1-485C-BCA9-BC562A822091}.Debug|Any CPU.Build.0 = Debug|Any CPU
		{37E7F4D1-CEA1-485C-BCA9-BC562A822091}.Release|Any CPU.ActiveCfg = Release|Any CPU
		{37E7F4D1-CEA1-485C-BCA9-BC562A822091}.Release|Any CPU.Build.0 = Release|Any CPU
	EndGlobalSection
	GlobalSection(SolutionProperties) = preSolution
		HideSolutionNode = FALSE
	EndGlobalSection
	GlobalSection(NestedProjects) = preSolution
		{37E7F4D1-CEA1-485C-BCA9-BC562A822091} = {02EA681E-C7D8-13C7-8484-4AC65E1B71E8}
	EndGlobalSection
	GlobalSection(ExtensibilityGlobals) = postSolution
		SolutionGuid = {9877B7EB-B93A-4460-AFBB-4A4AD8BB1D02}
	EndGlobalSection
EndGlobal
